// !$*UTF8*$!
{
	archiveVersion = 1;
	classes = {
	};
	objectVersion = 56;
	objects = {

/* Begin PBXBuildFile section */
		BAC015BE2ACD42D500D0890E /* Store.swift in Sources */ = {isa = PBXBuildFile; fileRef = BAC015BD2ACD42D500D0890E /* Store.swift */; };
		BAFF67E22ACBCCE60042612E /* ContentView.swift in Sources */ = {isa = PBXBuildFile; fileRef = BAFF67E12ACBCCE60042612E /* ContentView.swift */; };
		BAFF67E42ACBCCE70042612E /* Assets.xcassets in Resources */ = {isa = PBXBuildFile; fileRef = BAFF67E32ACBCCE70042612E /* Assets.xcassets */; };
		BAFF67E72ACBCCE70042612E /* Preview Assets.xcassets in Resources */ = {isa = PBXBuildFile; fileRef = BAFF67E62ACBCCE70042612E /* Preview Assets.xcassets */; };
		BAFF680B2ACBCE700042612E /* AppDelegate.swift in Sources */ = {isa = PBXBuildFile; fileRef = BAFF680A2ACBCE700042612E /* AppDelegate.swift */; };
		BAFF680F2ACBD6CF0042612E /* Main.storyboard in Resources */ = {isa = PBXBuildFile; fileRef = BAFF680E2ACBD6CF0042612E /* Main.storyboard */; };
/* End PBXBuildFile section */

/* Begin PBXContainerItemProxy section */
		BAFF67EE2ACBCCE80042612E /* PBXContainerItemProxy */ = {
			isa = PBXContainerItemProxy;
			containerPortal = BAFF67D42ACBCCE60042612E /* Project object */;
			proxyType = 1;
			remoteGlobalIDString = BAFF67DB2ACBCCE60042612E;
			remoteInfo = Test_MenuBar_Mac;
		};
		BAFF67F82ACBCCE80042612E /* PBXContainerItemProxy */ = {
			isa = PBXContainerItemProxy;
			containerPortal = BAFF67D42ACBCCE60042612E /* Project object */;
			proxyType = 1;
			remoteGlobalIDString = BAFF67DB2ACBCCE60042612E;
			remoteInfo = Test_MenuBar_Mac;
		};
/* End PBXContainerItemProxy section */

/* Begin PBXFileReference section */
		BAC015BD2ACD42D500D0890E /* Store.swift */ = {isa = PBXFileReference; lastKnownFileType = sourcecode.swift; path = Store.swift; sourceTree = "<group>"; };
		BAFF67DC2ACBCCE60042612E /* Clipboard.app */ = {isa = PBXFileReference; explicitFileType = wrapper.application; includeInIndex = 0; path = Clipboard.app; sourceTree = BUILT_PRODUCTS_DIR; };
		BAFF67E12ACBCCE60042612E /* ContentView.swift */ = {isa = PBXFileReference; lastKnownFileType = sourcecode.swift; path = ContentView.swift; sourceTree = "<group>"; };
		BAFF67E32ACBCCE70042612E /* Assets.xcassets */ = {isa = PBXFileReference; lastKnownFileType = folder.assetcatalog; path = Assets.xcassets; sourceTree = "<group>"; };
		BAFF67E62ACBCCE70042612E /* Preview Assets.xcassets */ = {isa = PBXFileReference; lastKnownFileType = folder.assetcatalog; path = "Preview Assets.xcassets"; sourceTree = "<group>"; };
		BAFF67E82ACBCCE70042612E /* Test_MenuBar_Mac.entitlements */ = {isa = PBXFileReference; lastKnownFileType = text.plist.entitlements; path = Test_MenuBar_Mac.entitlements; sourceTree = "<group>"; };
		BAFF67ED2ACBCCE80042612E /* ClipboardTests.xctest */ = {isa = PBXFileReference; explicitFileType = wrapper.cfbundle; includeInIndex = 0; path = ClipboardTests.xctest; sourceTree = BUILT_PRODUCTS_DIR; };
		BAFF67F72ACBCCE80042612E /* ClipboardUITests.xctest */ = {isa = PBXFileReference; explicitFileType = wrapper.cfbundle; includeInIndex = 0; path = ClipboardUITests.xctest; sourceTree = BUILT_PRODUCTS_DIR; };
		BAFF680A2ACBCE700042612E /* AppDelegate.swift */ = {isa = PBXFileReference; lastKnownFileType = sourcecode.swift; path = AppDelegate.swift; sourceTree = "<group>"; };
		BAFF680E2ACBD6CF0042612E /* Main.storyboard */ = {isa = PBXFileReference; lastKnownFileType = file.storyboard; path = Main.storyboard; sourceTree = "<group>"; };
		BAFF68132ACC16930042612E /* UIKit.framework */ = {isa = PBXFileReference; lastKnownFileType = wrapper.framework; name = UIKit.framework; path = Platforms/iPhoneOS.platform/Developer/SDKs/iPhoneOS16.4.sdk/System/Library/Frameworks/UIKit.framework; sourceTree = DEVELOPER_DIR; };
/* End PBXFileReference section */

/* Begin PBXFrameworksBuildPhase section */
		BAFF67D92ACBCCE60042612E /* Frameworks */ = {
			isa = PBXFrameworksBuildPhase;
			buildActionMask = 2147483647;
			files = (
			);
			runOnlyForDeploymentPostprocessing = 0;
		};
		BAFF67EA2ACBCCE80042612E /* Frameworks */ = {
			isa = PBXFrameworksBuildPhase;
			buildActionMask = 2147483647;
			files = (
			);
			runOnlyForDeploymentPostprocessing = 0;
		};
		BAFF67F42ACBCCE80042612E /* Frameworks */ = {
			isa = PBXFrameworksBuildPhase;
			buildActionMask = 2147483647;
			files = (
			);
			runOnlyForDeploymentPostprocessing = 0;
		};
/* End PBXFrameworksBuildPhase section */

/* Begin PBXGroup section */
		BAABA20D2ACC1B9800417B8F /* Store */ = {
			isa = PBXGroup;
			children = (
				BAC015BD2ACD42D500D0890E /* Store.swift */,
			);
			path = Store;
			sourceTree = "<group>";
		};
		BACB78B42ACCF76F00E72E19 /* Application */ = {
			isa = PBXGroup;
			children = (
				BAFF680A2ACBCE700042612E /* AppDelegate.swift */,
			);
			path = Application;
			sourceTree = "<group>";
		};
		BACB78B52ACCF78300E72E19 /* Resource */ = {
			isa = PBXGroup;
			children = (
				BAFF67E32ACBCCE70042612E /* Assets.xcassets */,
				BAFF67E82ACBCCE70042612E /* Test_MenuBar_Mac.entitlements */,
			);
			path = Resource;
			sourceTree = "<group>";
		};
		BACB78B62ACCF79E00E72E19 /* Scenes */ = {
			isa = PBXGroup;
			children = (
				BAFF67E12ACBCCE60042612E /* ContentView.swift */,
				BAFF680E2ACBD6CF0042612E /* Main.storyboard */,
			);
			path = Scenes;
			sourceTree = "<group>";
		};
		BAFF67D32ACBCCE60042612E = {
			isa = PBXGroup;
			children = (
				BAFF67DE2ACBCCE60042612E /* Clipboard */,
				BAFF67DD2ACBCCE60042612E /* Products */,
				BAFF68122ACC16930042612E /* Frameworks */,
			);
			sourceTree = "<group>";
		};
		BAFF67DD2ACBCCE60042612E /* Products */ = {
			isa = PBXGroup;
			children = (
				BAFF67DC2ACBCCE60042612E /* Clipboard.app */,
				BAFF67ED2ACBCCE80042612E /* ClipboardTests.xctest */,
				BAFF67F72ACBCCE80042612E /* ClipboardUITests.xctest */,
			);
			name = Products;
			sourceTree = "<group>";
		};
		BAFF67DE2ACBCCE60042612E /* Clipboard */ = {
			isa = PBXGroup;
			children = (
				BACB78B62ACCF79E00E72E19 /* Scenes */,
				BAABA20D2ACC1B9800417B8F /* Store */,
				BACB78B52ACCF78300E72E19 /* Resource */,
				BACB78B42ACCF76F00E72E19 /* Application */,
				BAFF67E52ACBCCE70042612E /* Preview Content */,
			);
			path = Clipboard;
			sourceTree = "<group>";
		};
		BAFF67E52ACBCCE70042612E /* Preview Content */ = {
			isa = PBXGroup;
			children = (
				BAFF67E62ACBCCE70042612E /* Preview Assets.xcassets */,
			);
			path = "Preview Content";
			sourceTree = "<group>";
		};
		BAFF68122ACC16930042612E /* Frameworks */ = {
			isa = PBXGroup;
			children = (
				BAFF68132ACC16930042612E /* UIKit.framework */,
			);
			name = Frameworks;
			sourceTree = "<group>";
		};
/* End PBXGroup section */

/* Begin PBXNativeTarget section */
		BAFF67DB2ACBCCE60042612E /* Clipboard */ = {
			isa = PBXNativeTarget;
			buildConfigurationList = BAFF68012ACBCCE80042612E /* Build configuration list for PBXNativeTarget "Clipboard" */;
			buildPhases = (
				BAFF67D82ACBCCE60042612E /* Sources */,
				BAFF67D92ACBCCE60042612E /* Frameworks */,
				BAFF67DA2ACBCCE60042612E /* Resources */,
			);
			buildRules = (
			);
			dependencies = (
			);
			name = Clipboard;
			productName = Test_MenuBar_Mac;
			productReference = BAFF67DC2ACBCCE60042612E /* Clipboard.app */;
			productType = "com.apple.product-type.application";
		};
		BAFF67EC2ACBCCE80042612E /* ClipboardTests */ = {
			isa = PBXNativeTarget;
			buildConfigurationList = BAFF68042ACBCCE80042612E /* Build configuration list for PBXNativeTarget "ClipboardTests" */;
			buildPhases = (
				BAFF67E92ACBCCE80042612E /* Sources */,
				BAFF67EA2ACBCCE80042612E /* Frameworks */,
				BAFF67EB2ACBCCE80042612E /* Resources */,
			);
			buildRules = (
			);
			dependencies = (
				BAFF67EF2ACBCCE80042612E /* PBXTargetDependency */,
			);
			name = ClipboardTests;
			productName = Test_MenuBar_MacTests;
			productReference = BAFF67ED2ACBCCE80042612E /* ClipboardTests.xctest */;
			productType = "com.apple.product-type.bundle.unit-test";
		};
		BAFF67F62ACBCCE80042612E /* ClipboardUITests */ = {
			isa = PBXNativeTarget;
			buildConfigurationList = BAFF68072ACBCCE80042612E /* Build configuration list for PBXNativeTarget "ClipboardUITests" */;
			buildPhases = (
				BAFF67F32ACBCCE80042612E /* Sources */,
				BAFF67F42ACBCCE80042612E /* Frameworks */,
				BAFF67F52ACBCCE80042612E /* Resources */,
			);
			buildRules = (
			);
			dependencies = (
				BAFF67F92ACBCCE80042612E /* PBXTargetDependency */,
			);
			name = ClipboardUITests;
			productName = Test_MenuBar_MacUITests;
			productReference = BAFF67F72ACBCCE80042612E /* ClipboardUITests.xctest */;
			productType = "com.apple.product-type.bundle.ui-testing";
		};
/* End PBXNativeTarget section */

/* Begin PBXProject section */
		BAFF67D42ACBCCE60042612E /* Project object */ = {
			isa = PBXProject;
			attributes = {
				BuildIndependentTargetsInParallel = 1;
				LastSwiftUpdateCheck = 1430;
				LastUpgradeCheck = 1430;
				TargetAttributes = {
					BAFF67DB2ACBCCE60042612E = {
						CreatedOnToolsVersion = 14.3.1;
					};
					BAFF67EC2ACBCCE80042612E = {
						CreatedOnToolsVersion = 14.3.1;
						TestTargetID = BAFF67DB2ACBCCE60042612E;
					};
					BAFF67F62ACBCCE80042612E = {
						CreatedOnToolsVersion = 14.3.1;
						TestTargetID = BAFF67DB2ACBCCE60042612E;
					};
				};
			};
			buildConfigurationList = BAFF67D72ACBCCE60042612E /* Build configuration list for PBXProject "Clipboard" */;
			compatibilityVersion = "Xcode 14.0";
			developmentRegion = en;
			hasScannedForEncodings = 0;
			knownRegions = (
				en,
				Base,
			);
			mainGroup = BAFF67D32ACBCCE60042612E;
			productRefGroup = BAFF67DD2ACBCCE60042612E /* Products */;
			projectDirPath = "";
			projectRoot = "";
			targets = (
				BAFF67DB2ACBCCE60042612E /* Clipboard */,
				BAFF67EC2ACBCCE80042612E /* ClipboardTests */,
				BAFF67F62ACBCCE80042612E /* ClipboardUITests */,
			);
		};
/* End PBXProject section */

/* Begin PBXResourcesBuildPhase section */
		BAFF67DA2ACBCCE60042612E /* Resources */ = {
			isa = PBXResourcesBuildPhase;
			buildActionMask = 2147483647;
			files = (
				BAFF680F2ACBD6CF0042612E /* Main.storyboard in Resources */,
				BAFF67E72ACBCCE70042612E /* Preview Assets.xcassets in Resources */,
				BAFF67E42ACBCCE70042612E /* Assets.xcassets in Resources */,
			);
			runOnlyForDeploymentPostprocessing = 0;
		};
		BAFF67EB2ACBCCE80042612E /* Resources */ = {
			isa = PBXResourcesBuildPhase;
			buildActionMask = 2147483647;
			files = (
			);
			runOnlyForDeploymentPostprocessing = 0;
		};
		BAFF67F52ACBCCE80042612E /* Resources */ = {
			isa = PBXResourcesBuildPhase;
			buildActionMask = 2147483647;
			files = (
			);
			runOnlyForDeploymentPostprocessing = 0;
		};
/* End PBXResourcesBuildPhase section */

/* Begin PBXSourcesBuildPhase section */
		BAFF67D82ACBCCE60042612E /* Sources */ = {
			isa = PBXSourcesBuildPhase;
			buildActionMask = 2147483647;
			files = (
				BAC015BE2ACD42D500D0890E /* Store.swift in Sources */,
				BAFF680B2ACBCE700042612E /* AppDelegate.swift in Sources */,
				BAFF67E22ACBCCE60042612E /* ContentView.swift in Sources */,
			);
			runOnlyForDeploymentPostprocessing = 0;
		};
		BAFF67E92ACBCCE80042612E /* Sources */ = {
			isa = PBXSourcesBuildPhase;
			buildActionMask = 2147483647;
			files = (
			);
			runOnlyForDeploymentPostprocessing = 0;
		};
		BAFF67F32ACBCCE80042612E /* Sources */ = {
			isa = PBXSourcesBuildPhase;
			buildActionMask = 2147483647;
			files = (
			);
			runOnlyForDeploymentPostprocessing = 0;
		};
/* End PBXSourcesBuildPhase section */

/* Begin PBXTargetDependency section */
		BAFF67EF2ACBCCE80042612E /* PBXTargetDependency */ = {
			isa = PBXTargetDependency;
			target = BAFF67DB2ACBCCE60042612E /* Clipboard */;
			targetProxy = BAFF67EE2ACBCCE80042612E /* PBXContainerItemProxy */;
		};
		BAFF67F92ACBCCE80042612E /* PBXTargetDependency */ = {
			isa = PBXTargetDependency;
			target = BAFF67DB2ACBCCE60042612E /* Clipboard */;
			targetProxy = BAFF67F82ACBCCE80042612E /* PBXContainerItemProxy */;
		};
/* End PBXTargetDependency section */

/* Begin XCBuildConfiguration section */
		BAFF67FF2ACBCCE80042612E /* Debug */ = {
			isa = XCBuildConfiguration;
			buildSettings = {
				ALWAYS_SEARCH_USER_PATHS = NO;
				CLANG_ANALYZER_NONNULL = YES;
				CLANG_ANALYZER_NUMBER_OBJECT_CONVERSION = YES_AGGRESSIVE;
				CLANG_CXX_LANGUAGE_STANDARD = "gnu++20";
				CLANG_ENABLE_MODULES = YES;
				CLANG_ENABLE_OBJC_ARC = YES;
				CLANG_ENABLE_OBJC_WEAK = YES;
				CLANG_WARN_BLOCK_CAPTURE_AUTORELEASING = YES;
				CLANG_WARN_BOOL_CONVERSION = YES;
				CLANG_WARN_COMMA = YES;
				CLANG_WARN_CONSTANT_CONVERSION = YES;
				CLANG_WARN_DEPRECATED_OBJC_IMPLEMENTATIONS = YES;
				CLANG_WARN_DIRECT_OBJC_ISA_USAGE = YES_ERROR;
				CLANG_WARN_DOCUMENTATION_COMMENTS = YES;
				CLANG_WARN_EMPTY_BODY = YES;
				CLANG_WARN_ENUM_CONVERSION = YES;
				CLANG_WARN_INFINITE_RECURSION = YES;
				CLANG_WARN_INT_CONVERSION = YES;
				CLANG_WARN_NON_LITERAL_NULL_CONVERSION = YES;
				CLANG_WARN_OBJC_IMPLICIT_RETAIN_SELF = YES;
				CLANG_WARN_OBJC_LITERAL_CONVERSION = YES;
				CLANG_WARN_OBJC_ROOT_CLASS = YES_ERROR;
				CLANG_WARN_QUOTED_INCLUDE_IN_FRAMEWORK_HEADER = YES;
				CLANG_WARN_RANGE_LOOP_ANALYSIS = YES;
				CLANG_WARN_STRICT_PROTOTYPES = YES;
				CLANG_WARN_SUSPICIOUS_MOVE = YES;
				CLANG_WARN_UNGUARDED_AVAILABILITY = YES_AGGRESSIVE;
				CLANG_WARN_UNREACHABLE_CODE = YES;
				CLANG_WARN__DUPLICATE_METHOD_MATCH = YES;
				COPY_PHASE_STRIP = NO;
				DEBUG_INFORMATION_FORMAT = dwarf;
				ENABLE_STRICT_OBJC_MSGSEND = YES;
				ENABLE_TESTABILITY = YES;
				GCC_C_LANGUAGE_STANDARD = gnu11;
				GCC_DYNAMIC_NO_PIC = NO;
				GCC_NO_COMMON_BLOCKS = YES;
				GCC_OPTIMIZATION_LEVEL = 0;
				GCC_PREPROCESSOR_DEFINITIONS = (
					"DEBUG=1",
					"$(inherited)",
				);
				GCC_WARN_64_TO_32_BIT_CONVERSION = YES;
				GCC_WARN_ABOUT_RETURN_TYPE = YES_ERROR;
				GCC_WARN_UNDECLARED_SELECTOR = YES;
				GCC_WARN_UNINITIALIZED_AUTOS = YES_AGGRESSIVE;
				GCC_WARN_UNUSED_FUNCTION = YES;
				GCC_WARN_UNUSED_VARIABLE = YES;
				MACOSX_DEPLOYMENT_TARGET = 13.3;
				MTL_ENABLE_DEBUG_INFO = INCLUDE_SOURCE;
				MTL_FAST_MATH = YES;
				ONLY_ACTIVE_ARCH = YES;
				SDKROOT = macosx;
				SWIFT_ACTIVE_COMPILATION_CONDITIONS = DEBUG;
				SWIFT_OPTIMIZATION_LEVEL = "-Onone";
			};
			name = Debug;
		};
		BAFF68002ACBCCE80042612E /* Release */ = {
			isa = XCBuildConfiguration;
			buildSettings = {
				ALWAYS_SEARCH_USER_PATHS = NO;
				CLANG_ANALYZER_NONNULL = YES;
				CLANG_ANALYZER_NUMBER_OBJECT_CONVERSION = YES_AGGRESSIVE;
				CLANG_CXX_LANGUAGE_STANDARD = "gnu++20";
				CLANG_ENABLE_MODULES = YES;
				CLANG_ENABLE_OBJC_ARC = YES;
				CLANG_ENABLE_OBJC_WEAK = YES;
				CLANG_WARN_BLOCK_CAPTURE_AUTORELEASING = YES;
				CLANG_WARN_BOOL_CONVERSION = YES;
				CLANG_WARN_COMMA = YES;
				CLANG_WARN_CONSTANT_CONVERSION = YES;
				CLANG_WARN_DEPRECATED_OBJC_IMPLEMENTATIONS = YES;
				CLANG_WARN_DIRECT_OBJC_ISA_USAGE = YES_ERROR;
				CLANG_WARN_DOCUMENTATION_COMMENTS = YES;
				CLANG_WARN_EMPTY_BODY = YES;
				CLANG_WARN_ENUM_CONVERSION = YES;
				CLANG_WARN_INFINITE_RECURSION = YES;
				CLANG_WARN_INT_CONVERSION = YES;
				CLANG_WARN_NON_LITERAL_NULL_CONVERSION = YES;
				CLANG_WARN_OBJC_IMPLICIT_RETAIN_SELF = YES;
				CLANG_WARN_OBJC_LITERAL_CONVERSION = YES;
				CLANG_WARN_OBJC_ROOT_CLASS = YES_ERROR;
				CLANG_WARN_QUOTED_INCLUDE_IN_FRAMEWORK_HEADER = YES;
				CLANG_WARN_RANGE_LOOP_ANALYSIS = YES;
				CLANG_WARN_STRICT_PROTOTYPES = YES;
				CLANG_WARN_SUSPICIOUS_MOVE = YES;
				CLANG_WARN_UNGUARDED_AVAILABILITY = YES_AGGRESSIVE;
				CLANG_WARN_UNREACHABLE_CODE = YES;
				CLANG_WARN__DUPLICATE_METHOD_MATCH = YES;
				COPY_PHASE_STRIP = NO;
				DEBUG_INFORMATION_FORMAT = "dwarf-with-dsym";
				ENABLE_NS_ASSERTIONS = NO;
				ENABLE_STRICT_OBJC_MSGSEND = YES;
				GCC_C_LANGUAGE_STANDARD = gnu11;
				GCC_NO_COMMON_BLOCKS = YES;
				GCC_WARN_64_TO_32_BIT_CONVERSION = YES;
				GCC_WARN_ABOUT_RETURN_TYPE = YES_ERROR;
				GCC_WARN_UNDECLARED_SELECTOR = YES;
				GCC_WARN_UNINITIALIZED_AUTOS = YES_AGGRESSIVE;
				GCC_WARN_UNUSED_FUNCTION = YES;
				GCC_WARN_UNUSED_VARIABLE = YES;
				MACOSX_DEPLOYMENT_TARGET = 13.3;
				MTL_ENABLE_DEBUG_INFO = NO;
				MTL_FAST_MATH = YES;
				SDKROOT = macosx;
				SWIFT_COMPILATION_MODE = wholemodule;
				SWIFT_OPTIMIZATION_LEVEL = "-O";
			};
			name = Release;
		};
		BAFF68022ACBCCE80042612E /* Debug */ = {
			isa = XCBuildConfiguration;
			buildSettings = {
				ASSETCATALOG_COMPILER_APPICON_NAME = AppIcon;
				ASSETCATALOG_COMPILER_GLOBAL_ACCENT_COLOR_NAME = AccentColor;
				CODE_SIGN_ENTITLEMENTS = "";
				"CODE_SIGN_IDENTITY[sdk=macosx*]" = "Apple Development";
				CODE_SIGN_STYLE = Automatic;
				COMBINE_HIDPI_IMAGES = YES;
				CURRENT_PROJECT_VERSION = 1;
				DEVELOPMENT_ASSET_PATHS = "\"Clipboard/Preview Content\"";
				DEVELOPMENT_TEAM = JF5Q6HSWBK;
				ENABLE_HARDENED_RUNTIME = YES;
				ENABLE_PREVIEWS = YES;
				GENERATE_INFOPLIST_FILE = YES;
				INFOPLIST_KEY_LSUIElement = YES;
				INFOPLIST_KEY_NSHumanReadableCopyright = "";
				INFOPLIST_KEY_NSMainStoryboardFile = Main;
				INFOPLIST_KEY_NSPrincipalClass = NSApplication;
				LD_RUNPATH_SEARCH_PATHS = (
					"$(inherited)",
					"@executable_path/../Frameworks",
				);
				MARKETING_VERSION = 1.0;
				PRODUCT_BUNDLE_IDENTIFIER = "menuBar.trainning.Test-MenuBar-Mac";
				PRODUCT_NAME = "$(TARGET_NAME)";
				SUPPORTED_PLATFORMS = macosx;
				SUPPORTS_MACCATALYST = NO;
				SUPPORTS_MAC_DESIGNED_FOR_IPHONE_IPAD = NO;
				SWIFT_EMIT_LOC_STRINGS = YES;
				SWIFT_VERSION = 5.0;
			};
			name = Debug;
		};
		BAFF68032ACBCCE80042612E /* Release */ = {
			isa = XCBuildConfiguration;
			buildSettings = {
				ASSETCATALOG_COMPILER_APPICON_NAME = AppIcon;
				ASSETCATALOG_COMPILER_GLOBAL_ACCENT_COLOR_NAME = AccentColor;
				CODE_SIGN_ENTITLEMENTS = "";
				"CODE_SIGN_IDENTITY[sdk=macosx*]" = "Apple Development";
				CODE_SIGN_STYLE = Automatic;
				COMBINE_HIDPI_IMAGES = YES;
				CURRENT_PROJECT_VERSION = 1;
				DEVELOPMENT_ASSET_PATHS = "\"Clipboard/Preview Content\"";
				DEVELOPMENT_TEAM = JF5Q6HSWBK;
				ENABLE_HARDENED_RUNTIME = YES;
				ENABLE_PREVIEWS = YES;
				GENERATE_INFOPLIST_FILE = YES;
				INFOPLIST_KEY_LSUIElement = YES;
				INFOPLIST_KEY_NSHumanReadableCopyright = "";
				INFOPLIST_KEY_NSMainStoryboardFile = Main;
				INFOPLIST_KEY_NSPrincipalClass = NSApplication;
				LD_RUNPATH_SEARCH_PATHS = (
					"$(inherited)",
					"@executable_path/../Frameworks",
				);
				MARKETING_VERSION = 1.0;
				PRODUCT_BUNDLE_IDENTIFIER = "menuBar.trainning.Test-MenuBar-Mac";
				PRODUCT_NAME = "$(TARGET_NAME)";
				SUPPORTED_PLATFORMS = macosx;
				SUPPORTS_MACCATALYST = NO;
				SUPPORTS_MAC_DESIGNED_FOR_IPHONE_IPAD = NO;
				SWIFT_EMIT_LOC_STRINGS = YES;
				SWIFT_VERSION = 5.0;
			};
			name = Release;
		};
		BAFF68052ACBCCE80042612E /* Debug */ = {
			isa = XCBuildConfiguration;
			buildSettings = {
				ALWAYS_EMBED_SWIFT_STANDARD_LIBRARIES = YES;
				BUNDLE_LOADER = "$(TEST_HOST)";
				CODE_SIGN_STYLE = Automatic;
				CURRENT_PROJECT_VERSION = 1;
				DEVELOPMENT_TEAM = JF5Q6HSWBK;
				GENERATE_INFOPLIST_FILE = YES;
				MACOSX_DEPLOYMENT_TARGET = 13.3;
				MARKETING_VERSION = 1.0;
				PRODUCT_BUNDLE_IDENTIFIER = "menuBar.trainning.Test-MenuBar-MacTests";
				PRODUCT_NAME = "$(TARGET_NAME)";
				SWIFT_EMIT_LOC_STRINGS = NO;
				SWIFT_VERSION = 5.0;
				TEST_HOST = "$(BUILT_PRODUCTS_DIR)/Clipboard.app/$(BUNDLE_EXECUTABLE_FOLDER_PATH)/Clipboard";
			};
			name = Debug;
		};
		BAFF68062ACBCCE80042612E /* Release */ = {
			isa = XCBuildConfiguration;
			buildSettings = {
				ALWAYS_EMBED_SWIFT_STANDARD_LIBRARIES = YES;
				BUNDLE_LOADER = "$(TEST_HOST)";
				CODE_SIGN_STYLE = Automatic;
				CURRENT_PROJECT_VERSION = 1;
				DEVELOPMENT_TEAM = JF5Q6HSWBK;
				GENERATE_INFOPLIST_FILE = YES;
				MACOSX_DEPLOYMENT_TARGET = 13.3;
				MARKETING_VERSION = 1.0;
				PRODUCT_BUNDLE_IDENTIFIER = "menuBar.trainning.Test-MenuBar-MacTests";
				PRODUCT_NAME = "$(TARGET_NAME)";
				SWIFT_EMIT_LOC_STRINGS = NO;
				SWIFT_VERSION = 5.0;
				TEST_HOST = "$(BUILT_PRODUCTS_DIR)/Clipboard.app/$(BUNDLE_EXECUTABLE_FOLDER_PATH)/Clipboard";
			};
			name = Release;
		};
		BAFF68082ACBCCE80042612E /* Debug */ = {
			isa = XCBuildConfiguration;
			buildSettings = {
				ALWAYS_EMBED_SWIFT_STANDARD_LIBRARIES = YES;
				CODE_SIGN_STYLE = Automatic;
				CURRENT_PROJECT_VERSION = 1;
				DEVELOPMENT_TEAM = JF5Q6HSWBK;
				GENERATE_INFOPLIST_FILE = YES;
				MARKETING_VERSION = 1.0;
				PRODUCT_BUNDLE_IDENTIFIER = "menuBar.trainning.Test-MenuBar-MacUITests";
				PRODUCT_NAME = "$(TARGET_NAME)";
				SWIFT_EMIT_LOC_STRINGS = NO;
				SWIFT_VERSION = 5.0;
				TEST_TARGET_NAME = Test_MenuBar_Mac;
			};
			name = Debug;
		};
		BAFF68092ACBCCE80042612E /* Release */ = {
			isa = XCBuildConfiguration;
			buildSettings = {
				ALWAYS_EMBED_SWIFT_STANDARD_LIBRARIES = YES;
				CODE_SIGN_STYLE = Automatic;
				CURRENT_PROJECT_VERSION = 1;
				DEVELOPMENT_TEAM = JF5Q6HSWBK;
				GENERATE_INFOPLIST_FILE = YES;
				MARKETING_VERSION = 1.0;
				PRODUCT_BUNDLE_IDENTIFIER = "menuBar.trainning.Test-MenuBar-MacUITests";
				PRODUCT_NAME = "$(TARGET_NAME)";
				SWIFT_EMIT_LOC_STRINGS = NO;
				SWIFT_VERSION = 5.0;
				TEST_TARGET_NAME = Test_MenuBar_Mac;
			};
			name = Release;
		};
/* End XCBuildConfiguration section */

/* Begin XCConfigurationList section */
		BAFF67D72ACBCCE60042612E /* Build configuration list for PBXProject "Clipboard" */ = {
			isa = XCConfigurationList;
			buildConfigurations = (
				BAFF67FF2ACBCCE80042612E /* Debug */,
				BAFF68002ACBCCE80042612E /* Release */,
			);
			defaultConfigurationIsVisible = 0;
			defaultConfigurationName = Release;
		};
		BAFF68012ACBCCE80042612E /* Build configuration list for PBXNativeTarget "Clipboard" */ = {
			isa = XCConfigurationList;
			buildConfigurations = (
				BAFF68022ACBCCE80042612E /* Debug */,
				BAFF68032ACBCCE80042612E /* Release */,
			);
			defaultConfigurationIsVisible = 0;
			defaultConfigurationName = Release;
		};
		BAFF68042ACBCCE80042612E /* Build configuration list for PBXNativeTarget "ClipboardTests" */ = {
			isa = XCConfigurationList;
			buildConfigurations = (
				BAFF68052ACBCCE80042612E /* Debug */,
				BAFF68062ACBCCE80042612E /* Release */,
			);
			defaultConfigurationIsVisible = 0;
			defaultConfigurationName = Release;
		};
		BAFF68072ACBCCE80042612E /* Build configuration list for PBXNativeTarget "ClipboardUITests" */ = {
			isa = XCConfigurationList;
			buildConfigurations = (
				BAFF68082ACBCCE80042612E /* Debug */,
				BAFF68092ACBCCE80042612E /* Release */,
			);
			defaultConfigurationIsVisible = 0;
			defaultConfigurationName = Release;
		};
/* End XCConfigurationList section */
	};
	rootObject = BAFF67D42ACBCCE60042612E /* Project object */;
}
